{
  "name": "@small-tech/acme-http-01",
  "version": "1.0.0",
  "lockfileVersion": 1,
  "requires": true,
  "dependencies": {
    "bent": {
      "version": "7.1.0",
      "resolved": "https://registry.npmjs.org/bent/-/bent-7.1.0.tgz",
      "integrity": "sha512-oTkDz8lBsk+HQjJPVeHHejkse/PDaTFwTFVasoR1V3XEQw23KKdfNvRln3M9++qipIBObqVyhsvSGuquFebDvQ==",
      "requires": {
        "bytesish": "^0.4.1",
        "caseless": "~0.12.0",
        "is-stream": "^2.0.0"
      }
    },
    "bytesish": {
      "version": "0.4.1",
      "resolved": "https://registry.npmjs.org/bytesish/-/bytesish-0.4.1.tgz",
      "integrity": "sha512-j3l5QmnAbpOfcN/Z2Jcv4poQYfefs8rDdcbc6iEKm+OolvUXAE2APodpWj+DOzqX6Bl5Ys1cQkcIV2/doGvQxg=="
    },
    "caseless": {
      "version": "0.12.0",
      "resolved": "https://registry.npmjs.org/caseless/-/caseless-0.12.0.tgz",
      "integrity": "sha1-G2gcIf+EAzyCZUMJBolCDRhxUdw="
    },
    "is-stream": {
      "version": "2.0.0",
      "resolved": "https://registry.npmjs.org/is-stream/-/is-stream-2.0.0.tgz",
      "integrity": "sha512-XCoy+WlUr7d1+Z8GgSuXmpuUFC9fOhRXglJMx+dwLKTkL44Cjd4W1Z5P+BQZpr+cR93aGP4S/s7Ftw6Nd/kiEw=="
    }
  }
}
